
Microsoft Visual Studio Solution File, Format Version 12.00
# Visual Studio Version 17
VisualStudioVersion = 17.5.002.0
MinimumVisualStudioVersion = 10.0.40219.1
Project("{9A19103F-16F7-4668-BE54-9A1E7A4F7556}") = "OIDC-Demo", "OIDC-Demo.csproj", "{BA1A4BC4-FD9E-4946-81E5-192E7241D980}"
EndProject
Global
	GlobalSection(SolutionConfigurationPlatforms) = preSolution
		Debug|Any CPU = Debug|Any CPU
		Release|Any CPU = Release|Any CPU
	EndGlobalSection
	GlobalSection(ProjectConfigurationPlatforms) = postSolution
		{BA1A4BC4-FD9E-4946-81E5-192E7241D980}.Debug|Any CPU.ActiveCfg = Debug|Any CPU
		{BA1A4BC4-FD9E-4946-81E5-192E7241D980}.Debug|Any CPU.Build.0 = Debug|Any CPU
		{BA1A4BC4-FD9E-4946-81E5-192E7241D980}.Release|Any CPU.ActiveCfg = Release|Any CPU
		{BA1A4BC4-FD9E-4946-81E5-192E7241D980}.Release|Any CPU.Build.0 = Release|Any CPU
	EndGlobalSection
	GlobalSection(SolutionProperties) = preSolution
		HideSolutionNode = FALSE
	EndGlobalSection
	GlobalSection(ExtensibilityGlobals) = postSolution
		SolutionGuid = {3E9A1282-3151-4E86-B6CF-1FB6B4121AE6}
	EndGlobalSection
EndGlobal
